
Microsoft Visual Studio Solution File, Format Version 12.00
# Visual Studio Version 16
VisualStudioVersion = 16.0.31702.278
MinimumVisualStudioVersion = 10.0.40219.1
Project("{FAE04EC0-301F-11D3-BF4B-00C04F79EFBC}") = "Yak.Ocelot.Gateway", "Yak.Ocelot.Gateway\Yak.Ocelot.Gateway.csproj", "{0C1A9ADF-9861-462F-8521-D9CD1EBA9855}"
EndProject
Project("{FAE04EC0-301F-11D3-BF4B-00C04F79EFBC}") = "Yak.Ocelot.Api", "Yak.Ocelot.Api\Yak.Ocelot.Api.csproj", "{B0D46DBD-FADE-4B08-9E0A-46973E6A689E}"
EndProject
Global
	GlobalSection(SolutionConfigurationPlatforms) = preSolution
		Debug|Any CPU = Debug|Any CPU
		Release|Any CPU = Release|Any CPU
	EndGlobalSection
	GlobalSection(ProjectConfigurationPlatforms) = postSolution
		{0C1A9ADF-9861-462F-8521-D9CD1EBA9855}.Debug|Any CPU.ActiveCfg = Debug|Any CPU
		{0C1A9ADF-9861-462F-8521-D9CD1EBA9855}.Debug|Any CPU.Build.0 = Debug|Any CPU
		{0C1A9ADF-9861-462F-8521-D9CD1EBA9855}.Release|Any CPU.ActiveCfg = Release|Any CPU
		{0C1A9ADF-9861-462F-8521-D9CD1EBA9855}.Release|Any CPU.Build.0 = Release|Any CPU
		{B0D46DBD-FADE-4B08-9E0A-46973E6A689E}.Debug|Any CPU.ActiveCfg = Debug|Any CPU
		{B0D46DBD-FADE-4B08-9E0A-46973E6A689E}.Debug|Any CPU.Build.0 = Debug|Any CPU
		{B0D46DBD-FADE-4B08-9E0A-46973E6A689E}.Release|Any CPU.ActiveCfg = Release|Any CPU
		{B0D46DBD-FADE-4B08-9E0A-46973E6A689E}.Release|Any CPU.Build.0 = Release|Any CPU
	EndGlobalSection
	GlobalSection(SolutionProperties) = preSolution
		HideSolutionNode = FALSE
	EndGlobalSection
	GlobalSection(ExtensibilityGlobals) = postSolution
		SolutionGuid = {F89760A2-2C31-43CD-A6A9-CEFB1C804265}
	EndGlobalSection
EndGlobal
